
Microsoft Visual Studio Solution File, Format Version 12.00
# Visual Studio Version 17
VisualStudioVersion = 17.14.36414.22
MinimumVisualStudioVersion = 10.0.40219.1
Project("{FAE04EC0-301F-11D3-BF4B-00C04F79EFBC}") = "GestionPagos", "GestionPagos\GestionPagos.csproj", "{51CDEE41-4408-4127-BA07-4E3734462141}"
EndProject
Project("{FAE04EC0-301F-11D3-BF4B-00C04F79EFBC}") = "Dominio", "Dominio\Dominio.csproj", "{CCD536E7-2D7E-47E8-95A2-75E6F6A46EA4}"
EndProject
Project("{FAE04EC0-301F-11D3-BF4B-00C04F79EFBC}") = "WebApp", "WebApp\WebApp.csproj", "{C1FA580A-D4BE-4B45-8FF3-21BE13580D35}"
EndProject
Global
	GlobalSection(SolutionConfigurationPlatforms) = preSolution
		Debug|Any CPU = Debug|Any CPU
		Release|Any CPU = Release|Any CPU
	EndGlobalSection
	GlobalSection(ProjectConfigurationPlatforms) = postSolution
		{51CDEE41-4408-4127-BA07-4E3734462141}.Debug|Any CPU.ActiveCfg = Debug|Any CPU
		{51CDEE41-4408-4127-BA07-4E3734462141}.Debug|Any CPU.Build.0 = Debug|Any CPU
		{51CDEE41-4408-4127-BA07-4E3734462141}.Release|Any CPU.ActiveCfg = Release|Any CPU
		{51CDEE41-4408-4127-BA07-4E3734462141}.Release|Any CPU.Build.0 = Release|Any CPU
		{CCD536E7-2D7E-47E8-95A2-75E6F6A46EA4}.Debug|Any CPU.ActiveCfg = Debug|Any CPU
		{CCD536E7-2D7E-47E8-95A2-75E6F6A46EA4}.Debug|Any CPU.Build.0 = Debug|Any CPU
		{CCD536E7-2D7E-47E8-95A2-75E6F6A46EA4}.Release|Any CPU.ActiveCfg = Release|Any CPU
		{CCD536E7-2D7E-47E8-95A2-75E6F6A46EA4}.Release|Any CPU.Build.0 = Release|Any CPU
		{C1FA580A-D4BE-4B45-8FF3-21BE13580D35}.Debug|Any CPU.ActiveCfg = Debug|Any CPU
		{C1FA580A-D4BE-4B45-8FF3-21BE13580D35}.Debug|Any CPU.Build.0 = Debug|Any CPU
		{C1FA580A-D4BE-4B45-8FF3-21BE13580D35}.Release|Any CPU.ActiveCfg = Release|Any CPU
		{C1FA580A-D4BE-4B45-8FF3-21BE13580D35}.Release|Any CPU.Build.0 = Release|Any CPU
	EndGlobalSection
	GlobalSection(SolutionProperties) = preSolution
		HideSolutionNode = FALSE
	EndGlobalSection
	GlobalSection(ExtensibilityGlobals) = postSolution
		SolutionGuid = {D6AA6F8D-1D98-4FBA-9BD9-5F1FDFCD2135}
	EndGlobalSection
EndGlobal
